{
  "name": "human-ai-workspace-cli",
  "version": "0.2.0",
  "lockfileVersion": 3,
  "requires": true,
  "packages": {
    "": {
      "name": "human-ai-workspace-cli",
      "version": "0.2.0",
      "license": "MIT",
      "dependencies": {
        "giget": "3.3.1"
      },
      "bin": {
        "haiw": "bin/haiw.mjs"
      },
      "engines": {
        "node": ">=20"
      }
    },
    "node_modules/giget": {
      "version": "3.3.1",
      "resolved": "https://registry.npmjs.org/giget/-/giget-3.3.1.tgz",
      "integrity": "sha512-r+mvuDjrjMpsdw46Kmeydb8bdHm7wOKw8wNBtTndkjbPjgAp5oUJUxRE76wZFknxIPokfWvep2qSXK37aXE6zg==",
      "license": "MIT",
      "bin": {
        "giget": "dist/cli.mjs"
      }
    }
  }
}
